
Microsoft Visual Studio Solution File, Format Version 12.00
# Visual Studio 2012
Project("{A0786B88-2ADB-4C21-ABE8-AA2D79766269}") = "Simple Library", "Simple Library\SimpleLibrary.phpproj", "{6054BD0C-4251-4CB7-9798-B8D0C4CC55ED}"
EndProject
Global
	GlobalSection(SolutionConfigurationPlatforms) = preSolution
		Debug|Any CPU = Debug|Any CPU
		Release|Any CPU = Release|Any CPU
	EndGlobalSection
	GlobalSection(ProjectConfigurationPlatforms) = postSolution
		{6054BD0C-4251-4CB7-9798-B8D0C4CC55ED}.Debug|Any CPU.ActiveCfg = Debug|Any CPU
		{6054BD0C-4251-4CB7-9798-B8D0C4CC55ED}.Debug|Any CPU.Build.0 = Debug|Any CPU
		{6054BD0C-4251-4CB7-9798-B8D0C4CC55ED}.Release|Any CPU.ActiveCfg = Release|Any CPU
		{6054BD0C-4251-4CB7-9798-B8D0C4CC55ED}.Release|Any CPU.Build.0 = Release|Any CPU
	EndGlobalSection
	GlobalSection(SolutionProperties) = preSolution
		HideSolutionNode = FALSE
	EndGlobalSection
EndGlobal
